
Microsoft Visual Studio Solution File, Format Version 12.00
# Visual Studio Version 17
VisualStudioVersion = 17.7.34003.232
MinimumVisualStudioVersion = 10.0.40219.1
Project("{FAE04EC0-301F-11D3-BF4B-00C04F79EFBC}") = "DatabaseCode", "DatabaseCode.csproj", "{E69C4C51-3111-4A83-8C79-27A58B8D89A0}"
EndProject
Global
	GlobalSection(SolutionConfigurationPlatforms) = preSolution
		Debug|Any CPU = Debug|Any CPU
		Release|Any CPU = Release|Any CPU
	EndGlobalSection
	GlobalSection(ProjectConfigurationPlatforms) = postSolution
		{E69C4C51-3111-4A83-8C79-27A58B8D89A0}.Debug|Any CPU.ActiveCfg = Debug|Any CPU
		{E69C4C51-3111-4A83-8C79-27A58B8D89A0}.Debug|Any CPU.Build.0 = Debug|Any CPU
		{E69C4C51-3111-4A83-8C79-27A58B8D89A0}.Release|Any CPU.ActiveCfg = Release|Any CPU
		{E69C4C51-3111-4A83-8C79-27A58B8D89A0}.Release|Any CPU.Build.0 = Release|Any CPU
	EndGlobalSection
	GlobalSection(SolutionProperties) = preSolution
		HideSolutionNode = FALSE
	EndGlobalSection
	GlobalSection(ExtensibilityGlobals) = postSolution
		SolutionGuid = {DF4119AF-2725-4D5E-B487-41A294BE2065}
	EndGlobalSection
EndGlobal
